
Microsoft Visual Studio Solution File, Format Version 12.00
Project("{FAE04EC0-301F-11D3-BF4B-00C04F79EFBC}") = "VioVid.WebAPI", "VioVid.WebAPI\VioVid.WebAPI.csproj", "{28101CD8-08C2-4940-B926-E1E6E12BA690}"
EndProject
Project("{FAE04EC0-301F-11D3-BF4B-00C04F79EFBC}") = "VioVid.Infrastructure", "VioVid.Infrastructure\VioVid.Infrastructure.csproj", "{EF4F8BCD-9224-49AD-8EBE-4ED6B781CDA0}"
EndProject
Project("{FAE04EC0-301F-11D3-BF4B-00C04F79EFBC}") = "VioVid.Core", "VioVid.Core\VioVid.Core.csproj", "{4B9B1877-3275-444C-8669-1A6B3E471DB8}"
EndProject
Global
	GlobalSection(SolutionConfigurationPlatforms) = preSolution
		Debug|Any CPU = Debug|Any CPU
		Release|Any CPU = Release|Any CPU
	EndGlobalSection
	GlobalSection(ProjectConfigurationPlatforms) = postSolution
		{28101CD8-08C2-4940-B926-E1E6E12BA690}.Debug|Any CPU.ActiveCfg = Debug|Any CPU
		{28101CD8-08C2-4940-B926-E1E6E12BA690}.Debug|Any CPU.Build.0 = Debug|Any CPU
		{28101CD8-08C2-4940-B926-E1E6E12BA690}.Release|Any CPU.ActiveCfg = Release|Any CPU
		{28101CD8-08C2-4940-B926-E1E6E12BA690}.Release|Any CPU.Build.0 = Release|Any CPU
		{EF4F8BCD-9224-49AD-8EBE-4ED6B781CDA0}.Debug|Any CPU.ActiveCfg = Debug|Any CPU
		{EF4F8BCD-9224-49AD-8EBE-4ED6B781CDA0}.Debug|Any CPU.Build.0 = Debug|Any CPU
		{EF4F8BCD-9224-49AD-8EBE-4ED6B781CDA0}.Release|Any CPU.ActiveCfg = Release|Any CPU
		{EF4F8BCD-9224-49AD-8EBE-4ED6B781CDA0}.Release|Any CPU.Build.0 = Release|Any CPU
		{4B9B1877-3275-444C-8669-1A6B3E471DB8}.Debug|Any CPU.ActiveCfg = Debug|Any CPU
		{4B9B1877-3275-444C-8669-1A6B3E471DB8}.Debug|Any CPU.Build.0 = Debug|Any CPU
		{4B9B1877-3275-444C-8669-1A6B3E471DB8}.Release|Any CPU.ActiveCfg = Release|Any CPU
		{4B9B1877-3275-444C-8669-1A6B3E471DB8}.Release|Any CPU.Build.0 = Release|Any CPU
	EndGlobalSection
EndGlobal
